<?xml version="1.0" encoding="utf-8"?>
<Project ToolsVersion="4.0" xmlns="http://schemas.microsoft.com/developer/msbuild/2003">
  <ItemGroup>
    <Filter Include="Main">
      <UniqueIdentifier>{5f9f0ff6-52e1-42e7-96fc-38c13e7094d4}</UniqueIdentifier>
    </Filter>
    <Filter Include="Libraries">
      <UniqueIdentifier>{cf0b95e8-23b4-4c13-8b9a-84bcb1354991}</UniqueIdentifier>
    </Filter>
    <Filter Include="Logic">
      <UniqueIdentifier>{15b463a6-23c7-4eea-af9c-578e9c25b325}</UniqueIdentifier>
    </Filter>
  </ItemGroup>
  <ItemGroup>
    <ClCompile Include="main.cpp">
      <Filter>Main</Filter>
    </ClCompile>
  </ItemGroup>
  <ItemGroup>
    <ClInclude Include="libs.h">
      <Filter>Libraries</Filter>
    </ClInclude>
    <ClInclude Include="logic(core).h">
      <Filter>Logic</Filter>
    </ClInclude>
  </ItemGroup>
</Project>